
Microsoft Visual Studio Solution File, Format Version 12.00
# Visual Studio Version 17
VisualStudioVersion = 17.4.33110.190
MinimumVisualStudioVersion = 10.0.40219.1
Project("{9A19103F-16F7-4668-BE54-9A1E7A4F7556}") = "TodoList", "src\TodoList\TodoList.csproj", "{0E7657DC-2C6D-4861-B2A6-7CE1F403DCA3}"
EndProject
Project("{2150E333-8FDC-42A3-9474-1A3956D46DE8}") = "src", "src", "{6A06CAE6-5DFD-45AA-8EF1-6991AF6314B6}"
EndProject
Project("{2150E333-8FDC-42A3-9474-1A3956D46DE8}") = "tests", "tests", "{5C1F6C7C-6B1B-4680-BBD0-A2EAC22FDFFD}"
EndProject
Project("{FAE04EC0-301F-11D3-BF4B-00C04F79EFBC}") = "UnitTests", "tests\UnitTests\UnitTests.csproj", "{0C8CF051-EC36-41F4-884A-871A833F198A}"
EndProject
Global
	GlobalSection(SolutionConfigurationPlatforms) = preSolution
		Debug|Any CPU = Debug|Any CPU
		Release|Any CPU = Release|Any CPU
	EndGlobalSection
	GlobalSection(ProjectConfigurationPlatforms) = postSolution
		{0E7657DC-2C6D-4861-B2A6-7CE1F403DCA3}.Debug|Any CPU.ActiveCfg = Debug|Any CPU
		{0E7657DC-2C6D-4861-B2A6-7CE1F403DCA3}.Debug|Any CPU.Build.0 = Debug|Any CPU
		{0E7657DC-2C6D-4861-B2A6-7CE1F403DCA3}.Release|Any CPU.ActiveCfg = Release|Any CPU
		{0E7657DC-2C6D-4861-B2A6-7CE1F403DCA3}.Release|Any CPU.Build.0 = Release|Any CPU
		{0C8CF051-EC36-41F4-884A-871A833F198A}.Debug|Any CPU.ActiveCfg = Debug|Any CPU
		{0C8CF051-EC36-41F4-884A-871A833F198A}.Debug|Any CPU.Build.0 = Debug|Any CPU
		{0C8CF051-EC36-41F4-884A-871A833F198A}.Release|Any CPU.ActiveCfg = Release|Any CPU
		{0C8CF051-EC36-41F4-884A-871A833F198A}.Release|Any CPU.Build.0 = Release|Any CPU
	EndGlobalSection
	GlobalSection(SolutionProperties) = preSolution
		HideSolutionNode = FALSE
	EndGlobalSection
	GlobalSection(NestedProjects) = preSolution
		{0E7657DC-2C6D-4861-B2A6-7CE1F403DCA3} = {6A06CAE6-5DFD-45AA-8EF1-6991AF6314B6}
		{0C8CF051-EC36-41F4-884A-871A833F198A} = {5C1F6C7C-6B1B-4680-BBD0-A2EAC22FDFFD}
	EndGlobalSection
	GlobalSection(ExtensibilityGlobals) = postSolution
		SolutionGuid = {C0271C85-2DF9-474B-8DF9-661EF7281C83}
	EndGlobalSection
EndGlobal
